
Microsoft Visual Studio Solution File, Format Version 12.00
# Visual Studio Version 17
VisualStudioVersion = 17.1.32228.430
MinimumVisualStudioVersion = 10.0.40219.1
Project("{FAE04EC0-301F-11D3-BF4B-00C04F79EFBC}") = "Task_C_Diaconescu", "Task_C_Diaconescu.csproj", "{BAB8CE23-48BF-45A6-B968-7864FD645C11}"
EndProject
Global
	GlobalSection(SolutionConfigurationPlatforms) = preSolution
		Debug|Any CPU = Debug|Any CPU
		Release|Any CPU = Release|Any CPU
	EndGlobalSection
	GlobalSection(ProjectConfigurationPlatforms) = postSolution
		{BAB8CE23-48BF-45A6-B968-7864FD645C11}.Debug|Any CPU.ActiveCfg = Debug|Any CPU
		{BAB8CE23-48BF-45A6-B968-7864FD645C11}.Debug|Any CPU.Build.0 = Debug|Any CPU
		{BAB8CE23-48BF-45A6-B968-7864FD645C11}.Release|Any CPU.ActiveCfg = Release|Any CPU
		{BAB8CE23-48BF-45A6-B968-7864FD645C11}.Release|Any CPU.Build.0 = Release|Any CPU
	EndGlobalSection
	GlobalSection(SolutionProperties) = preSolution
		HideSolutionNode = FALSE
	EndGlobalSection
	GlobalSection(ExtensibilityGlobals) = postSolution
		SolutionGuid = {6546A599-379F-42FF-B6E0-E8EF38679732}
	EndGlobalSection
EndGlobal
